// !$*UTF8*$!
{
	archiveVersion = 1;
	classes = {
	};
	objectVersion = 45;
	objects = {

/* Begin PBXBuildFile section */
		1DDD58160DA1D0A300B32029 /* MainMenu.xib in Resources */ = {isa = PBXBuildFile; fileRef = 1DDD58140DA1D0A300B32029 /* MainMenu.xib */; };
		256AC3DA0F4B6AC300CF3369 /* MeltyGlassAppDelegate.m in Sources */ = {isa = PBXBuildFile; fileRef = 256AC3D90F4B6AC300CF3369 /* MeltyGlassAppDelegate.m */; };
		8D11072B0486CEB800E47090 /* InfoPlist.strings in Resources */ = {isa = PBXBuildFile; fileRef = 089C165CFE840E0CC02AAC07 /* InfoPlist.strings */; };
		8D11072D0486CEB800E47090 /* main.m in Sources */ = {isa = PBXBuildFile; fileRef = 29B97316FDCFA39411CA2CEA /* main.m */; settings = {ATTRIBUTES = (); }; };
		8D11072F0486CEB800E47090 /* Cocoa.framework in Frameworks */ = {isa = PBXBuildFile; fileRef = 1058C7A1FEA54F0111CA2CBB /* Cocoa.framework */; };
		F87011141126C2DA0000F302 /* OpenGL.framework in Frameworks */ = {isa = PBXBuildFile; fileRef = F87011131126C2DA0000F302 /* OpenGL.framework */; };
		F87011191126C34B0000F302 /* BaseOpenGLView.mm in Sources */ = {isa = PBXBuildFile; fileRef = F87011181126C34B0000F302 /* BaseOpenGLView.mm */; };
		F87011B311277CD40000F302 /* QuartzCore.framework in Frameworks */ = {isa = PBXBuildFile; fileRef = F87011B211277CD40000F302 /* QuartzCore.framework */; };
		F8A96C95118996B1009C77AA /* MeltyGlassOpenGLView.mm in Sources */ = {isa = PBXBuildFile; fileRef = F8A96C94118996B1009C77AA /* MeltyGlassOpenGLView.mm */; };
		F8A96CAF118996F6009C77AA /* ParametricSurface.m in Sources */ = {isa = PBXBuildFile; fileRef = F8A96CAE118996F6009C77AA /* ParametricSurface.m */; };
		F8A96CB2118996FE009C77AA /* SurfaceOfRevolution.m in Sources */ = {isa = PBXBuildFile; fileRef = F8A96CB1118996FE009C77AA /* SurfaceOfRevolution.m */; };
		F8A96CB511899707009C77AA /* ParametricCurve.m in Sources */ = {isa = PBXBuildFile; fileRef = F8A96CB411899707009C77AA /* ParametricCurve.m */; };
		F8A96CB81189970F009C77AA /* BezierCurve.m in Sources */ = {isa = PBXBuildFile; fileRef = F8A96CB71189970F009C77AA /* BezierCurve.m */; };
		F8A96CBB1189971C009C77AA /* Path.m in Sources */ = {isa = PBXBuildFile; fileRef = F8A96CBA1189971C009C77AA /* Path.m */; };
		F8CD6040118CD9E20021D507 /* RenderObject.mm in Sources */ = {isa = PBXBuildFile; fileRef = F8CD603F118CD9E20021D507 /* RenderObject.mm */; };
		F8CD687F11912EE30021D507 /* MeltyGlassObjectContainer.m in Sources */ = {isa = PBXBuildFile; fileRef = F8CD687E11912EE30021D507 /* MeltyGlassObjectContainer.m */; };
		F8CD68A11191559E0021D507 /* RenderMode.mm in Sources */ = {isa = PBXBuildFile; fileRef = F8CD689C1191559E0021D507 /* RenderMode.mm */; };
		F8CD68A21191559E0021D507 /* RenderModeWireframe.mm in Sources */ = {isa = PBXBuildFile; fileRef = F8CD689E1191559E0021D507 /* RenderModeWireframe.mm */; };
		F8CD68A31191559E0021D507 /* RenderModeWithShader.mm in Sources */ = {isa = PBXBuildFile; fileRef = F8CD68A01191559E0021D507 /* RenderModeWithShader.mm */; };
		F8CD68B4119157D00021D507 /* Shader.cpp in Sources */ = {isa = PBXBuildFile; fileRef = F8CD68B2119157D00021D507 /* Shader.cpp */; };
		F8CD6963119162CE0021D507 /* Feedback.FS in Copy Shaders */ = {isa = PBXBuildFile; fileRef = F8CD695F119162CE0021D507 /* Feedback.FS */; };
		F8CD6964119162CE0021D507 /* Feedback.VS in Copy Shaders */ = {isa = PBXBuildFile; fileRef = F8CD6960119162CE0021D507 /* Feedback.VS */; };
		F8CD6965119162CE0021D507 /* Refractive.FS in Copy Shaders */ = {isa = PBXBuildFile; fileRef = F8CD6961119162CE0021D507 /* Refractive.FS */; };
		F8CD6966119162CE0021D507 /* Refractive.VS in Copy Shaders */ = {isa = PBXBuildFile; fileRef = F8CD6962119162CE0021D507 /* Refractive.VS */; };
		F8CD6992119168180021D507 /* negx.jpg in Copy SwedishRoyalCastle */ = {isa = PBXBuildFile; fileRef = F8CD698C119168180021D507 /* negx.jpg */; };
		F8CD6993119168180021D507 /* negy.jpg in Copy SwedishRoyalCastle */ = {isa = PBXBuildFile; fileRef = F8CD698D119168180021D507 /* negy.jpg */; };
		F8CD6994119168180021D507 /* negz.jpg in Copy SwedishRoyalCastle */ = {isa = PBXBuildFile; fileRef = F8CD698E119168180021D507 /* negz.jpg */; };
		F8CD6995119168180021D507 /* posx.jpg in Copy SwedishRoyalCastle */ = {isa = PBXBuildFile; fileRef = F8CD698F119168180021D507 /* posx.jpg */; };
		F8CD6996119168180021D507 /* posy.jpg in Copy SwedishRoyalCastle */ = {isa = PBXBuildFile; fileRef = F8CD6990119168180021D507 /* posy.jpg */; };
		F8CD6997119168180021D507 /* posz.jpg in Copy SwedishRoyalCastle */ = {isa = PBXBuildFile; fileRef = F8CD6991119168180021D507 /* posz.jpg */; };
		F8CD6999119168CF0021D507 /* readme.txt in Copy SwedishRoyalCastle */ = {isa = PBXBuildFile; fileRef = F8CD6998119168CF0021D507 /* readme.txt */; };
		F8CD69A4119169B50021D507 /* CubeMap.mm in Sources */ = {isa = PBXBuildFile; fileRef = F8CD69A3119169B50021D507 /* CubeMap.mm */; };
		FB0EE3971234C9B200DF9184 /* HalfCircle.m in Sources */ = {isa = PBXBuildFile; fileRef = FB0EE3961234C9B200DF9184 /* HalfCircle.m */; };
		FB544EF91235A68A00E3D0B7 /* MouseHandler.m in Sources */ = {isa = PBXBuildFile; fileRef = FB544EF41235A68A00E3D0B7 /* MouseHandler.m */; };
		FB544EFA1235A68A00E3D0B7 /* MouseHandlerAffect.m in Sources */ = {isa = PBXBuildFile; fileRef = FB544EF61235A68A00E3D0B7 /* MouseHandlerAffect.m */; };
		FB544EFB1235A68A00E3D0B7 /* MouseHandlerTrackball.mm in Sources */ = {isa = PBXBuildFile; fileRef = FB544EF81235A68A00E3D0B7 /* MouseHandlerTrackball.mm */; };
		FB544F141235AA1B00E3D0B7 /* trackball.c in Sources */ = {isa = PBXBuildFile; fileRef = FB544F121235AA1B00E3D0B7 /* trackball.c */; };
		FBE69E22125EFB8E003412D1 /* Default.FS in Copy Shaders */ = {isa = PBXBuildFile; fileRef = FBE69E20125EFB8E003412D1 /* Default.FS */; };
		FBE69E23125EFB8E003412D1 /* Default.VS in Copy Shaders */ = {isa = PBXBuildFile; fileRef = FBE69E21125EFB8E003412D1 /* Default.VS */; };
		FBE69E26125EFC72003412D1 /* Wireframe.FS in Copy Shaders */ = {isa = PBXBuildFile; fileRef = FBE69E24125EFC72003412D1 /* Wireframe.FS */; };
		FBE69E27125EFC72003412D1 /* Wireframe.VS in Copy Shaders */ = {isa = PBXBuildFile; fileRef = FBE69E25125EFC72003412D1 /* Wireframe.VS */; };
		FBF5E8AC12376DB4004253BF /* GLFBO.cpp in Sources */ = {isa = PBXBuildFile; fileRef = FBF5E8AA12376DB4004253BF /* GLFBO.cpp */; };
		FBF5E8B212376DD1004253BF /* RenderToBuffer.mm in Sources */ = {isa = PBXBuildFile; fileRef = FBF5E8B112376DD1004253BF /* RenderToBuffer.mm */; };
		FBF5E8B712376DF4004253BF /* Melt.mm in Sources */ = {isa = PBXBuildFile; fileRef = FBF5E8B612376DF4004253BF /* Melt.mm */; };
/* End PBXBuildFile section */

/* Begin PBXCopyFilesBuildPhase section */
		F8CD697B119164390021D507 /* Copy Shaders */ = {
			isa = PBXCopyFilesBuildPhase;
			buildActionMask = 2147483647;
			dstPath = Shaders/.;
			dstSubfolderSpec = 7;
			files = (
				FBE69E26125EFC72003412D1 /* Wireframe.FS in Copy Shaders */,
				FBE69E27125EFC72003412D1 /* Wireframe.VS in Copy Shaders */,
				FBE69E22125EFB8E003412D1 /* Default.FS in Copy Shaders */,
				FBE69E23125EFB8E003412D1 /* Default.VS in Copy Shaders */,
				F8CD6963119162CE0021D507 /* Feedback.FS in Copy Shaders */,
				F8CD6964119162CE0021D507 /* Feedback.VS in Copy Shaders */,
				F8CD6965119162CE0021D507 /* Refractive.FS in Copy Shaders */,
				F8CD6966119162CE0021D507 /* Refractive.VS in Copy Shaders */,
			);
			name = "Copy Shaders";
			runOnlyForDeploymentPostprocessing = 0;
		};
		F8CD699E1191690B0021D507 /* Copy SwedishRoyalCastle */ = {
			isa = PBXCopyFilesBuildPhase;
			buildActionMask = 2147483647;
			dstPath = CubeMaps/SwedishRoyalCastle/.;
			dstSubfolderSpec = 7;
			files = (
				F8CD6992119168180021D507 /* negx.jpg in Copy SwedishRoyalCastle */,
				F8CD6993119168180021D507 /* negy.jpg in Copy SwedishRoyalCastle */,
				F8CD6994119168180021D507 /* negz.jpg in Copy SwedishRoyalCastle */,
				F8CD6995119168180021D507 /* posx.jpg in Copy SwedishRoyalCastle */,
				F8CD6996119168180021D507 /* posy.jpg in Copy SwedishRoyalCastle */,
				F8CD6997119168180021D507 /* posz.jpg in Copy SwedishRoyalCastle */,
				F8CD6999119168CF0021D507 /* readme.txt in Copy SwedishRoyalCastle */,
			);
			name = "Copy SwedishRoyalCastle";
			runOnlyForDeploymentPostprocessing = 0;
		};
/* End PBXCopyFilesBuildPhase section */

/* Begin PBXFileReference section */
		089C165DFE840E0CC02AAC07 /* English */ = {isa = PBXFileReference; fileEncoding = 4; lastKnownFileType = text.plist.strings; name = English; path = English.lproj/InfoPlist.strings; sourceTree = "<group>"; };
		1058C7A1FEA54F0111CA2CBB /* Cocoa.framework */ = {isa = PBXFileReference; lastKnownFileType = wrapper.framework; name = Cocoa.framework; path = /System/Library/Frameworks/Cocoa.framework; sourceTree = "<absolute>"; };
		13E42FB307B3F0F600E4EEF1 /* CoreData.framework */ = {isa = PBXFileReference; lastKnownFileType = wrapper.framework; name = CoreData.framework; path = /System/Library/Frameworks/CoreData.framework; sourceTree = "<absolute>"; };
		1DDD58150DA1D0A300B32029 /* English */ = {isa = PBXFileReference; lastKnownFileType = file.xib; name = English; path = English.lproj/MainMenu.xib; sourceTree = "<group>"; };
		256AC3D80F4B6AC300CF3369 /* MeltyGlassAppDelegate.h */ = {isa = PBXFileReference; fileEncoding = 4; lastKnownFileType = sourcecode.c.h; path = MeltyGlassAppDelegate.h; sourceTree = "<group>"; };
		256AC3D90F4B6AC300CF3369 /* MeltyGlassAppDelegate.m */ = {isa = PBXFileReference; fileEncoding = 4; lastKnownFileType = sourcecode.c.objc; path = MeltyGlassAppDelegate.m; sourceTree = "<group>"; };
		256AC3F00F4B6AF500CF3369 /* MeltyGlass_Prefix.pch */ = {isa = PBXFileReference; fileEncoding = 4; lastKnownFileType = sourcecode.c.h; path = MeltyGlass_Prefix.pch; sourceTree = "<group>"; };
		29B97316FDCFA39411CA2CEA /* main.m */ = {isa = PBXFileReference; fileEncoding = 4; lastKnownFileType = sourcecode.c.objc; path = main.m; sourceTree = "<group>"; };
		29B97324FDCFA39411CA2CEA /* AppKit.framework */ = {isa = PBXFileReference; lastKnownFileType = wrapper.framework; name = AppKit.framework; path = /System/Library/Frameworks/AppKit.framework; sourceTree = "<absolute>"; };
		29B97325FDCFA39411CA2CEA /* Foundation.framework */ = {isa = PBXFileReference; lastKnownFileType = wrapper.framework; name = Foundation.framework; path = /System/Library/Frameworks/Foundation.framework; sourceTree = "<absolute>"; };
		8D1107310486CEB800E47090 /* MeltyGlass-Info.plist */ = {isa = PBXFileReference; fileEncoding = 4; lastKnownFileType = text.plist.xml; path = "MeltyGlass-Info.plist"; sourceTree = "<group>"; };
		8D1107320486CEB800E47090 /* MeltyGlass.app */ = {isa = PBXFileReference; explicitFileType = wrapper.application; includeInIndex = 0; path = MeltyGlass.app; sourceTree = BUILT_PRODUCTS_DIR; };
		F87011131126C2DA0000F302 /* OpenGL.framework */ = {isa = PBXFileReference; lastKnownFileType = wrapper.framework; name = OpenGL.framework; path = System/Library/Frameworks/OpenGL.framework; sourceTree = SDKROOT; };
		F87011171126C34B0000F302 /* BaseOpenGLView.h */ = {isa = PBXFileReference; fileEncoding = 4; lastKnownFileType = sourcecode.c.h; path = BaseOpenGLView.h; sourceTree = "<group>"; };
		F87011181126C34B0000F302 /* BaseOpenGLView.mm */ = {isa = PBXFileReference; fileEncoding = 4; lastKnownFileType = sourcecode.cpp.objcpp; path = BaseOpenGLView.mm; sourceTree = "<group>"; };
		F87011B211277CD40000F302 /* QuartzCore.framework */ = {isa = PBXFileReference; lastKnownFileType = wrapper.framework; name = QuartzCore.framework; path = System/Library/Frameworks/QuartzCore.framework; sourceTree = SDKROOT; };
		F8A96C93118996B1009C77AA /* MeltyGlassOpenGLView.h */ = {isa = PBXFileReference; fileEncoding = 4; lastKnownFileType = sourcecode.c.h; path = MeltyGlassOpenGLView.h; sourceTree = "<group>"; };
		F8A96C94118996B1009C77AA /* MeltyGlassOpenGLView.mm */ = {isa = PBXFileReference; fileEncoding = 4; lastKnownFileType = sourcecode.cpp.objcpp; path = MeltyGlassOpenGLView.mm; sourceTree = "<group>"; };
		F8A96CAD118996F6009C77AA /* ParametricSurface.h */ = {isa = PBXFileReference; fileEncoding = 4; lastKnownFileType = sourcecode.c.h; name = ParametricSurface.h; path = objects/ParametricSurface.h; sourceTree = "<group>"; };
		F8A96CAE118996F6009C77AA /* ParametricSurface.m */ = {isa = PBXFileReference; fileEncoding = 4; lastKnownFileType = sourcecode.c.objc; name = ParametricSurface.m; path = objects/ParametricSurface.m; sourceTree = "<group>"; };
		F8A96CB0118996FE009C77AA /* SurfaceOfRevolution.h */ = {isa = PBXFileReference; fileEncoding = 4; lastKnownFileType = sourcecode.c.h; name = SurfaceOfRevolution.h; path = objects/SurfaceOfRevolution/SurfaceOfRevolution.h; sourceTree = "<group>"; };
		F8A96CB1118996FE009C77AA /* SurfaceOfRevolution.m */ = {isa = PBXFileReference; fileEncoding = 4; lastKnownFileType = sourcecode.c.objc; name = SurfaceOfRevolution.m; path = objects/SurfaceOfRevolution/SurfaceOfRevolution.m; sourceTree = "<group>"; };
		F8A96CB311899707009C77AA /* ParametricCurve.h */ = {isa = PBXFileReference; fileEncoding = 4; lastKnownFileType = sourcecode.c.h; name = ParametricCurve.h; path = objects/ParametricCurve.h; sourceTree = "<group>"; };
		F8A96CB411899707009C77AA /* ParametricCurve.m */ = {isa = PBXFileReference; fileEncoding = 4; lastKnownFileType = sourcecode.c.objc; name = ParametricCurve.m; path = objects/ParametricCurve.m; sourceTree = "<group>"; };
		F8A96CB61189970F009C77AA /* BezierCurve.h */ = {isa = PBXFileReference; fileEncoding = 4; lastKnownFileType = sourcecode.c.h; name = BezierCurve.h; path = objects/bezier/BezierCurve.h; sourceTree = "<group>"; };
		F8A96CB71189970F009C77AA /* BezierCurve.m */ = {isa = PBXFileReference; fileEncoding = 4; lastKnownFileType = sourcecode.c.objc; name = BezierCurve.m; path = objects/bezier/BezierCurve.m; sourceTree = "<group>"; };
		F8A96CB91189971C009C77AA /* Path.h */ = {isa = PBXFileReference; fileEncoding = 4; lastKnownFileType = sourcecode.c.h; name = Path.h; path = objects/Path.h; sourceTree = "<group>"; };
		F8A96CBA1189971C009C77AA /* Path.m */ = {isa = PBXFileReference; fileEncoding = 4; lastKnownFileType = sourcecode.c.objc; name = Path.m; path = objects/Path.m; sourceTree = "<group>"; };
		F8A96CBC1189974E009C77AA /* GlassProfileCurve.h */ = {isa = PBXFileReference; fileEncoding = 4; lastKnownFileType = sourcecode.c.h; name = GlassProfileCurve.h; path = resources/GlassProfileCurve.h; sourceTree = "<group>"; };
		F8CD603E118CD9E20021D507 /* RenderObject.h */ = {isa = PBXFileReference; fileEncoding = 4; lastKnownFileType = sourcecode.c.h; name = RenderObject.h; path = graphics/objects/RenderObject.h; sourceTree = "<group>"; };
		F8CD603F118CD9E20021D507 /* RenderObject.mm */ = {isa = PBXFileReference; fileEncoding = 4; lastKnownFileType = sourcecode.cpp.objcpp; name = RenderObject.mm; path = graphics/objects/RenderObject.mm; sourceTree = "<group>"; };
		F8CD687D11912EE30021D507 /* MeltyGlassObjectContainer.h */ = {isa = PBXFileReference; fileEncoding = 4; lastKnownFileType = sourcecode.c.h; path = MeltyGlassObjectContainer.h; sourceTree = "<group>"; };
		F8CD687E11912EE30021D507 /* MeltyGlassObjectContainer.m */ = {isa = PBXFileReference; fileEncoding = 4; lastKnownFileType = sourcecode.c.objc; path = MeltyGlassObjectContainer.m; sourceTree = "<group>"; };
		F8CD689B1191559E0021D507 /* RenderMode.h */ = {isa = PBXFileReference; fileEncoding = 4; lastKnownFileType = sourcecode.c.h; name = RenderMode.h; path = graphics/modes/RenderMode.h; sourceTree = "<group>"; };
		F8CD689C1191559E0021D507 /* RenderMode.mm */ = {isa = PBXFileReference; fileEncoding = 4; lastKnownFileType = sourcecode.cpp.objcpp; name = RenderMode.mm; path = graphics/modes/RenderMode.mm; sourceTree = "<group>"; };
		F8CD689D1191559E0021D507 /* RenderModeWireframe.h */ = {isa = PBXFileReference; fileEncoding = 4; lastKnownFileType = sourcecode.c.h; name = RenderModeWireframe.h; path = graphics/modes/RenderModeWireframe.h; sourceTree = "<group>"; };
		F8CD689E1191559E0021D507 /* RenderModeWireframe.mm */ = {isa = PBXFileReference; fileEncoding = 4; lastKnownFileType = sourcecode.cpp.objcpp; name = RenderModeWireframe.mm; path = graphics/modes/RenderModeWireframe.mm; sourceTree = "<group>"; };
		F8CD689F1191559E0021D507 /* RenderModeWithShader.h */ = {isa = PBXFileReference; fileEncoding = 4; lastKnownFileType = sourcecode.c.h; name = RenderModeWithShader.h; path = graphics/modes/RenderModeWithShader.h; sourceTree = "<group>"; };
		F8CD68A01191559E0021D507 /* RenderModeWithShader.mm */ = {isa = PBXFileReference; fileEncoding = 4; lastKnownFileType = sourcecode.cpp.objcpp; name = RenderModeWithShader.mm; path = graphics/modes/RenderModeWithShader.mm; sourceTree = "<group>"; };
		F8CD68B2119157D00021D507 /* Shader.cpp */ = {isa = PBXFileReference; fileEncoding = 4; lastKnownFileType = sourcecode.cpp.cpp; name = Shader.cpp; path = graphics/shader/Shader.cpp; sourceTree = "<group>"; };
		F8CD68B3119157D00021D507 /* Shader.h */ = {isa = PBXFileReference; fileEncoding = 4; lastKnownFileType = sourcecode.c.h; name = Shader.h; path = graphics/shader/Shader.h; sourceTree = "<group>"; };
		F8CD695F119162CE0021D507 /* Feedback.FS */ = {isa = PBXFileReference; fileEncoding = 4; lastKnownFileType = text; name = Feedback.FS; path = resources/Shaders/Feedback.FS; sourceTree = "<group>"; };
		F8CD6960119162CE0021D507 /* Feedback.VS */ = {isa = PBXFileReference; fileEncoding = 4; lastKnownFileType = text; name = Feedback.VS; path = resources/Shaders/Feedback.VS; sourceTree = "<group>"; };
		F8CD6961119162CE0021D507 /* Refractive.FS */ = {isa = PBXFileReference; fileEncoding = 4; lastKnownFileType = text; name = Refractive.FS; path = resources/Shaders/Refractive.FS; sourceTree = "<group>"; };
		F8CD6962119162CE0021D507 /* Refractive.VS */ = {isa = PBXFileReference; fileEncoding = 4; lastKnownFileType = text; name = Refractive.VS; path = resources/Shaders/Refractive.VS; sourceTree = "<group>"; };
		F8CD698C119168180021D507 /* negx.jpg */ = {isa = PBXFileReference; lastKnownFileType = image.jpeg; name = negx.jpg; path = resources/SwedishRoyalCastle/negx.jpg; sourceTree = "<group>"; };
		F8CD698D119168180021D507 /* negy.jpg */ = {isa = PBXFileReference; lastKnownFileType = image.jpeg; name = negy.jpg; path = resources/SwedishRoyalCastle/negy.jpg; sourceTree = "<group>"; };
		F8CD698E119168180021D507 /* negz.jpg */ = {isa = PBXFileReference; lastKnownFileType = image.jpeg; name = negz.jpg; path = resources/SwedishRoyalCastle/negz.jpg; sourceTree = "<group>"; };
		F8CD698F119168180021D507 /* posx.jpg */ = {isa = PBXFileReference; lastKnownFileType = image.jpeg; name = posx.jpg; path = resources/SwedishRoyalCastle/posx.jpg; sourceTree = "<group>"; };
		F8CD6990119168180021D507 /* posy.jpg */ = {isa = PBXFileReference; lastKnownFileType = image.jpeg; name = posy.jpg; path = resources/SwedishRoyalCastle/posy.jpg; sourceTree = "<group>"; };
		F8CD6991119168180021D507 /* posz.jpg */ = {isa = PBXFileReference; lastKnownFileType = image.jpeg; name = posz.jpg; path = resources/SwedishRoyalCastle/posz.jpg; sourceTree = "<group>"; };
		F8CD6998119168CF0021D507 /* readme.txt */ = {isa = PBXFileReference; fileEncoding = 4; lastKnownFileType = text; name = readme.txt; path = resources/SwedishRoyalCastle/readme.txt; sourceTree = "<group>"; };
		F8CD69A2119169B50021D507 /* CubeMap.h */ = {isa = PBXFileReference; fileEncoding = 4; lastKnownFileType = sourcecode.c.h; name = CubeMap.h; path = graphics/cubemaps/CubeMap.h; sourceTree = "<group>"; };
		F8CD69A3119169B50021D507 /* CubeMap.mm */ = {isa = PBXFileReference; fileEncoding = 4; lastKnownFileType = sourcecode.cpp.objcpp; name = CubeMap.mm; path = graphics/cubemaps/CubeMap.mm; sourceTree = "<group>"; };
		FB0EE3951234C9B200DF9184 /* HalfCircle.h */ = {isa = PBXFileReference; fileEncoding = 4; lastKnownFileType = sourcecode.c.h; name = HalfCircle.h; path = objects/HalfCircle/HalfCircle.h; sourceTree = "<group>"; };
		FB0EE3961234C9B200DF9184 /* HalfCircle.m */ = {isa = PBXFileReference; fileEncoding = 4; lastKnownFileType = sourcecode.c.objc; name = HalfCircle.m; path = objects/HalfCircle/HalfCircle.m; sourceTree = "<group>"; };
		FB544EF31235A68A00E3D0B7 /* MouseHandler.h */ = {isa = PBXFileReference; fileEncoding = 4; lastKnownFileType = sourcecode.c.h; path = MouseHandler.h; sourceTree = "<group>"; };
		FB544EF41235A68A00E3D0B7 /* MouseHandler.m */ = {isa = PBXFileReference; fileEncoding = 4; lastKnownFileType = sourcecode.c.objc; path = MouseHandler.m; sourceTree = "<group>"; };
		FB544EF51235A68A00E3D0B7 /* MouseHandlerAffect.h */ = {isa = PBXFileReference; fileEncoding = 4; lastKnownFileType = sourcecode.c.h; path = MouseHandlerAffect.h; sourceTree = "<group>"; };
		FB544EF61235A68A00E3D0B7 /* MouseHandlerAffect.m */ = {isa = PBXFileReference; fileEncoding = 4; lastKnownFileType = sourcecode.c.objc; path = MouseHandlerAffect.m; sourceTree = "<group>"; };
		FB544EF71235A68A00E3D0B7 /* MouseHandlerTrackball.h */ = {isa = PBXFileReference; fileEncoding = 4; lastKnownFileType = sourcecode.c.h; path = MouseHandlerTrackball.h; sourceTree = "<group>"; };
		FB544EF81235A68A00E3D0B7 /* MouseHandlerTrackball.mm */ = {isa = PBXFileReference; fileEncoding = 4; lastKnownFileType = sourcecode.cpp.objcpp; path = MouseHandlerTrackball.mm; sourceTree = "<group>"; };
		FB544F121235AA1B00E3D0B7 /* trackball.c */ = {isa = PBXFileReference; fileEncoding = 4; lastKnownFileType = sourcecode.c.c; path = trackball.c; sourceTree = "<group>"; };
		FB544F131235AA1B00E3D0B7 /* trackball.h */ = {isa = PBXFileReference; fileEncoding = 4; lastKnownFileType = sourcecode.c.h; path = trackball.h; sourceTree = "<group>"; };
		FBE69E20125EFB8E003412D1 /* Default.FS */ = {isa = PBXFileReference; fileEncoding = 4; lastKnownFileType = text; name = Default.FS; path = resources/Shaders/Default.FS; sourceTree = "<group>"; };
		FBE69E21125EFB8E003412D1 /* Default.VS */ = {isa = PBXFileReference; fileEncoding = 4; lastKnownFileType = text; name = Default.VS; path = resources/Shaders/Default.VS; sourceTree = "<group>"; };
		FBE69E24125EFC72003412D1 /* Wireframe.FS */ = {isa = PBXFileReference; fileEncoding = 4; lastKnownFileType = text; name = Wireframe.FS; path = resources/Shaders/Wireframe.FS; sourceTree = "<group>"; };
		FBE69E25125EFC72003412D1 /* Wireframe.VS */ = {isa = PBXFileReference; fileEncoding = 4; lastKnownFileType = text; name = Wireframe.VS; path = resources/Shaders/Wireframe.VS; sourceTree = "<group>"; };
		FBF5E8AA12376DB4004253BF /* GLFBO.cpp */ = {isa = PBXFileReference; fileEncoding = 4; lastKnownFileType = sourcecode.cpp.cpp; name = GLFBO.cpp; path = graphics/fbo/GLFBO.cpp; sourceTree = "<group>"; };
		FBF5E8AB12376DB4004253BF /* GLFBO.h */ = {isa = PBXFileReference; fileEncoding = 4; lastKnownFileType = sourcecode.c.h; name = GLFBO.h; path = graphics/fbo/GLFBO.h; sourceTree = "<group>"; };
		FBF5E8B012376DD1004253BF /* RenderToBuffer.h */ = {isa = PBXFileReference; fileEncoding = 4; lastKnownFileType = sourcecode.c.h; name = RenderToBuffer.h; path = graphics/render_to_buffers/RenderToBuffer.h; sourceTree = "<group>"; };
		FBF5E8B112376DD1004253BF /* RenderToBuffer.mm */ = {isa = PBXFileReference; fileEncoding = 4; lastKnownFileType = sourcecode.cpp.objcpp; name = RenderToBuffer.mm; path = graphics/render_to_buffers/RenderToBuffer.mm; sourceTree = "<group>"; };
		FBF5E8B512376DF4004253BF /* Melt.h */ = {isa = PBXFileReference; fileEncoding = 4; lastKnownFileType = sourcecode.c.h; path = Melt.h; sourceTree = "<group>"; };
		FBF5E8B612376DF4004253BF /* Melt.mm */ = {isa = PBXFileReference; fileEncoding = 4; lastKnownFileType = sourcecode.cpp.objcpp; path = Melt.mm; sourceTree = "<group>"; };
/* End PBXFileReference section */

/* Begin PBXFrameworksBuildPhase section */
		8D11072E0486CEB800E47090 /* Frameworks */ = {
			isa = PBXFrameworksBuildPhase;
			buildActionMask = 2147483647;
			files = (
				8D11072F0486CEB800E47090 /* Cocoa.framework in Frameworks */,
				F87011141126C2DA0000F302 /* OpenGL.framework in Frameworks */,
				F87011B311277CD40000F302 /* QuartzCore.framework in Frameworks */,
			);
			runOnlyForDeploymentPostprocessing = 0;
		};
/* End PBXFrameworksBuildPhase section */

/* Begin PBXGroup section */
		080E96DDFE201D6D7F000001 /* Classes */ = {
			isa = PBXGroup;
			children = (
				F8CD6037118CD99F0021D507 /* Graphics */,
				F8A96C9D118996B7009C77AA /* Objects */,
				FB544EF21235A68A00E3D0B7 /* mouse_handlers */,
				F87011171126C34B0000F302 /* BaseOpenGLView.h */,
				F87011181126C34B0000F302 /* BaseOpenGLView.mm */,
				256AC3D80F4B6AC300CF3369 /* MeltyGlassAppDelegate.h */,
				256AC3D90F4B6AC300CF3369 /* MeltyGlassAppDelegate.m */,
				F8A96C93118996B1009C77AA /* MeltyGlassOpenGLView.h */,
				F8A96C94118996B1009C77AA /* MeltyGlassOpenGLView.mm */,
				F8CD687D11912EE30021D507 /* MeltyGlassObjectContainer.h */,
				F8CD687E11912EE30021D507 /* MeltyGlassObjectContainer.m */,
			);
			name = Classes;
			sourceTree = "<group>";
		};
		1058C7A0FEA54F0111CA2CBB /* Linked Frameworks */ = {
			isa = PBXGroup;
			children = (
				1058C7A1FEA54F0111CA2CBB /* Cocoa.framework */,
				F87011131126C2DA0000F302 /* OpenGL.framework */,
				F87011B211277CD40000F302 /* QuartzCore.framework */,
			);
			name = "Linked Frameworks";
			sourceTree = "<group>";
		};
		1058C7A2FEA54F0111CA2CBB /* Other Frameworks */ = {
			isa = PBXGroup;
			children = (
				29B97324FDCFA39411CA2CEA /* AppKit.framework */,
				13E42FB307B3F0F600E4EEF1 /* CoreData.framework */,
				29B97325FDCFA39411CA2CEA /* Foundation.framework */,
			);
			name = "Other Frameworks";
			sourceTree = "<group>";
		};
		19C28FACFE9D520D11CA2CBB /* Products */ = {
			isa = PBXGroup;
			children = (
				8D1107320486CEB800E47090 /* MeltyGlass.app */,
			);
			name = Products;
			sourceTree = "<group>";
		};
		29B97314FDCFA39411CA2CEA /* BaseGL */ = {
			isa = PBXGroup;
			children = (
				F8A96CBD11899754009C77AA /* Resources */,
				080E96DDFE201D6D7F000001 /* Classes */,
				29B97315FDCFA39411CA2CEA /* Other Sources */,
				29B97317FDCFA39411CA2CEA /* Resources */,
				29B97323FDCFA39411CA2CEA /* Frameworks */,
				19C28FACFE9D520D11CA2CBB /* Products */,
			);
			name = BaseGL;
			sourceTree = "<group>";
		};
		29B97315FDCFA39411CA2CEA /* Other Sources */ = {
			isa = PBXGroup;
			children = (
				256AC3F00F4B6AF500CF3369 /* MeltyGlass_Prefix.pch */,
				29B97316FDCFA39411CA2CEA /* main.m */,
			);
			name = "Other Sources";
			sourceTree = "<group>";
		};
		29B97317FDCFA39411CA2CEA /* Resources */ = {
			isa = PBXGroup;
			children = (
				8D1107310486CEB800E47090 /* MeltyGlass-Info.plist */,
				089C165CFE840E0CC02AAC07 /* InfoPlist.strings */,
				1DDD58140DA1D0A300B32029 /* MainMenu.xib */,
			);
			name = Resources;
			sourceTree = "<group>";
		};
		29B97323FDCFA39411CA2CEA /* Frameworks */ = {
			isa = PBXGroup;
			children = (
				1058C7A0FEA54F0111CA2CBB /* Linked Frameworks */,
				1058C7A2FEA54F0111CA2CBB /* Other Frameworks */,
			);
			name = Frameworks;
			sourceTree = "<group>";
		};
		F8A96C9D118996B7009C77AA /* Objects */ = {
			isa = PBXGroup;
			children = (
				F8A96CAA118996DC009C77AA /* Surfaces */,
				F8A96CA9118996D6009C77AA /* Curves */,
			);
			name = Objects;
			sourceTree = "<group>";
		};
		F8A96C9E118996BD009C77AA /* Bezier */ = {
			isa = PBXGroup;
			children = (
				F8A96CB61189970F009C77AA /* BezierCurve.h */,
				F8A96CB71189970F009C77AA /* BezierCurve.m */,
			);
			name = Bezier;
			sourceTree = "<group>";
		};
		F8A96CA9118996D6009C77AA /* Curves */ = {
			isa = PBXGroup;
			children = (
				F8A96CB91189971C009C77AA /* Path.h */,
				F8A96CBA1189971C009C77AA /* Path.m */,
				F8A96CB311899707009C77AA /* ParametricCurve.h */,
				F8A96CB411899707009C77AA /* ParametricCurve.m */,
				F8A96C9E118996BD009C77AA /* Bezier */,
				FB0EE3941234C98500DF9184 /* HalfCircle */,
			);
			name = Curves;
			sourceTree = "<group>";
		};
		F8A96CAA118996DC009C77AA /* Surfaces */ = {
			isa = PBXGroup;
			children = (
				F8A96CAD118996F6009C77AA /* ParametricSurface.h */,
				F8A96CAE118996F6009C77AA /* ParametricSurface.m */,
				F8A96CAB118996E7009C77AA /* SurfaceOfRevolution */,
			);
			name = Surfaces;
			sourceTree = "<group>";
		};
		F8A96CAB118996E7009C77AA /* SurfaceOfRevolution */ = {
			isa = PBXGroup;
			children = (
				F8A96CB0118996FE009C77AA /* SurfaceOfRevolution.h */,
				F8A96CB1118996FE009C77AA /* SurfaceOfRevolution.m */,
			);
			name = SurfaceOfRevolution;
			sourceTree = "<group>";
		};
		F8A96CBD11899754009C77AA /* Resources */ = {
			isa = PBXGroup;
			children = (
				F8CD6987119167F50021D507 /* CubeMaps */,
				F8CD695D119162BE0021D507 /* Shader */,
				F8A96CBC1189974E009C77AA /* GlassProfileCurve.h */,
			);
			name = Resources;
			sourceTree = "<group>";
		};
		F8CD6037118CD99F0021D507 /* Graphics */ = {
			isa = PBXGroup;
			children = (
				FBF5E8AD12376DB9004253BF /* RenderToBuffer */,
				FBF5E89912375F38004253BF /* GLFBO */,
				F8CD699F1191698A0021D507 /* CubeMaps */,
				F8CD68A81191578F0021D507 /* Shader */,
				F8CD6886119154430021D507 /* Modes */,
				F8CD6038118CD9AD0021D507 /* Objects */,
			);
			name = Graphics;
			sourceTree = "<group>";
		};
		F8CD6038118CD9AD0021D507 /* Objects */ = {
			isa = PBXGroup;
			children = (
				F8CD603E118CD9E20021D507 /* RenderObject.h */,
				F8CD603F118CD9E20021D507 /* RenderObject.mm */,
			);
			name = Objects;
			sourceTree = "<group>";
		};
		F8CD6886119154430021D507 /* Modes */ = {
			isa = PBXGroup;
			children = (
				F8CD689B1191559E0021D507 /* RenderMode.h */,
				F8CD689C1191559E0021D507 /* RenderMode.mm */,
				F8CD689D1191559E0021D507 /* RenderModeWireframe.h */,
				F8CD689E1191559E0021D507 /* RenderModeWireframe.mm */,
				F8CD689F1191559E0021D507 /* RenderModeWithShader.h */,
				F8CD68A01191559E0021D507 /* RenderModeWithShader.mm */,
			);
			name = Modes;
			sourceTree = "<group>";
		};
		F8CD68A81191578F0021D507 /* Shader */ = {
			isa = PBXGroup;
			children = (
				F8CD68B2119157D00021D507 /* Shader.cpp */,
				F8CD68B3119157D00021D507 /* Shader.h */,
			);
			name = Shader;
			sourceTree = "<group>";
		};
		F8CD695D119162BE0021D507 /* Shader */ = {
			isa = PBXGroup;
			children = (
				F8CD695F119162CE0021D507 /* Feedback.FS */,
				F8CD6960119162CE0021D507 /* Feedback.VS */,
				F8CD6961119162CE0021D507 /* Refractive.FS */,
				F8CD6962119162CE0021D507 /* Refractive.VS */,
				FBE69E20125EFB8E003412D1 /* Default.FS */,
				FBE69E21125EFB8E003412D1 /* Default.VS */,
				FBE69E24125EFC72003412D1 /* Wireframe.FS */,
				FBE69E25125EFC72003412D1 /* Wireframe.VS */,
			);
			name = Shader;
			sourceTree = "<group>";
		};
		F8CD6987119167F50021D507 /* CubeMaps */ = {
			isa = PBXGroup;
			children = (
				F8CD6988119167FE0021D507 /* SwedishRoyalCastle */,
			);
			name = CubeMaps;
			sourceTree = "<group>";
		};
		F8CD6988119167FE0021D507 /* SwedishRoyalCastle */ = {
			isa = PBXGroup;
			children = (
				F8CD6998119168CF0021D507 /* readme.txt */,
				F8CD698C119168180021D507 /* negx.jpg */,
				F8CD698D119168180021D507 /* negy.jpg */,
				F8CD698E119168180021D507 /* negz.jpg */,
				F8CD698F119168180021D507 /* posx.jpg */,
				F8CD6990119168180021D507 /* posy.jpg */,
				F8CD6991119168180021D507 /* posz.jpg */,
			);
			name = SwedishRoyalCastle;
			sourceTree = "<group>";
		};
		F8CD699F1191698A0021D507 /* CubeMaps */ = {
			isa = PBXGroup;
			children = (
				F8CD69A2119169B50021D507 /* CubeMap.h */,
				F8CD69A3119169B50021D507 /* CubeMap.mm */,
			);
			name = CubeMaps;
			sourceTree = "<group>";
		};
		FB0EE3941234C98500DF9184 /* HalfCircle */ = {
			isa = PBXGroup;
			children = (
				FB0EE3951234C9B200DF9184 /* HalfCircle.h */,
				FB0EE3961234C9B200DF9184 /* HalfCircle.m */,
			);
			name = HalfCircle;
			sourceTree = "<group>";
		};
		FB544EF21235A68A00E3D0B7 /* mouse_handlers */ = {
			isa = PBXGroup;
			children = (
				FB544EF31235A68A00E3D0B7 /* MouseHandler.h */,
				FB544EF41235A68A00E3D0B7 /* MouseHandler.m */,
				FB544EF51235A68A00E3D0B7 /* MouseHandlerAffect.h */,
				FB544EF61235A68A00E3D0B7 /* MouseHandlerAffect.m */,
				FB544EF71235A68A00E3D0B7 /* MouseHandlerTrackball.h */,
				FB544EF81235A68A00E3D0B7 /* MouseHandlerTrackball.mm */,
				FB544F121235AA1B00E3D0B7 /* trackball.c */,
				FB544F131235AA1B00E3D0B7 /* trackball.h */,
			);
			path = mouse_handlers;
			sourceTree = "<group>";
		};
		FBF5E89912375F38004253BF /* GLFBO */ = {
			isa = PBXGroup;
			children = (
				FBF5E8AA12376DB4004253BF /* GLFBO.cpp */,
				FBF5E8AB12376DB4004253BF /* GLFBO.h */,
			);
			name = GLFBO;
			sourceTree = "<group>";
		};
		FBF5E8AD12376DB9004253BF /* RenderToBuffer */ = {
			isa = PBXGroup;
			children = (
				FBF5E8AE12376DC2004253BF /* Melt */,
				FBF5E8B012376DD1004253BF /* RenderToBuffer.h */,
				FBF5E8B112376DD1004253BF /* RenderToBuffer.mm */,
			);
			name = RenderToBuffer;
			sourceTree = "<group>";
		};
		FBF5E8AE12376DC2004253BF /* Melt */ = {
			isa = PBXGroup;
			children = (
				FBF5E8B512376DF4004253BF /* Melt.h */,
				FBF5E8B612376DF4004253BF /* Melt.mm */,
			);
			name = Melt;
			sourceTree = "<group>";
		};
/* End PBXGroup section */

/* Begin PBXNativeTarget section */
		8D1107260486CEB800E47090 /* MeltyGlass */ = {
			isa = PBXNativeTarget;
			buildConfigurationList = C01FCF4A08A954540054247B /* Build configuration list for PBXNativeTarget "MeltyGlass" */;
			buildPhases = (
				F8CD699E1191690B0021D507 /* Copy SwedishRoyalCastle */,
				F8CD697B119164390021D507 /* Copy Shaders */,
				8D1107290486CEB800E47090 /* Resources */,
				8D11072C0486CEB800E47090 /* Sources */,
				8D11072E0486CEB800E47090 /* Frameworks */,
			);
			buildRules = (
			);
			dependencies = (
			);
			name = MeltyGlass;
			productInstallPath = "$(HOME)/Applications";
			productName = BaseGL;
			productReference = 8D1107320486CEB800E47090 /* MeltyGlass.app */;
			productType = "com.apple.product-type.application";
		};
/* End PBXNativeTarget section */

/* Begin PBXProject section */
		29B97313FDCFA39411CA2CEA /* Project object */ = {
			isa = PBXProject;
			buildConfigurationList = C01FCF4E08A954540054247B /* Build configuration list for PBXProject "MeltyGlass" */;
			compatibilityVersion = "Xcode 3.1";
			developmentRegion = English;
			hasScannedForEncodings = 1;
			knownRegions = (
				English,
				Japanese,
				French,
				German,
			);
			mainGroup = 29B97314FDCFA39411CA2CEA /* BaseGL */;
			projectDirPath = "";
			projectRoot = "";
			targets = (
				8D1107260486CEB800E47090 /* MeltyGlass */,
			);
		};
/* End PBXProject section */

/* Begin PBXResourcesBuildPhase section */
		8D1107290486CEB800E47090 /* Resources */ = {
			isa = PBXResourcesBuildPhase;
			buildActionMask = 2147483647;
			files = (
				8D11072B0486CEB800E47090 /* InfoPlist.strings in Resources */,
				1DDD58160DA1D0A300B32029 /* MainMenu.xib in Resources */,
			);
			runOnlyForDeploymentPostprocessing = 0;
		};
/* End PBXResourcesBuildPhase section */

/* Begin PBXSourcesBuildPhase section */
		8D11072C0486CEB800E47090 /* Sources */ = {
			isa = PBXSourcesBuildPhase;
			buildActionMask = 2147483647;
			files = (
				8D11072D0486CEB800E47090 /* main.m in Sources */,
				256AC3DA0F4B6AC300CF3369 /* MeltyGlassAppDelegate.m in Sources */,
				F87011191126C34B0000F302 /* BaseOpenGLView.mm in Sources */,
				F8A96C95118996B1009C77AA /* MeltyGlassOpenGLView.mm in Sources */,
				F8A96CAF118996F6009C77AA /* ParametricSurface.m in Sources */,
				F8A96CB2118996FE009C77AA /* SurfaceOfRevolution.m in Sources */,
				F8A96CB511899707009C77AA /* ParametricCurve.m in Sources */,
				F8A96CB81189970F009C77AA /* BezierCurve.m in Sources */,
				F8A96CBB1189971C009C77AA /* Path.m in Sources */,
				F8CD6040118CD9E20021D507 /* RenderObject.mm in Sources */,
				F8CD687F11912EE30021D507 /* MeltyGlassObjectContainer.m in Sources */,
				F8CD68A11191559E0021D507 /* RenderMode.mm in Sources */,
				F8CD68A21191559E0021D507 /* RenderModeWireframe.mm in Sources */,
				F8CD68A31191559E0021D507 /* RenderModeWithShader.mm in Sources */,
				F8CD68B4119157D00021D507 /* Shader.cpp in Sources */,
				F8CD69A4119169B50021D507 /* CubeMap.mm in Sources */,
				FB0EE3971234C9B200DF9184 /* HalfCircle.m in Sources */,
				FB544EF91235A68A00E3D0B7 /* MouseHandler.m in Sources */,
				FB544EFA1235A68A00E3D0B7 /* MouseHandlerAffect.m in Sources */,
				FB544EFB1235A68A00E3D0B7 /* MouseHandlerTrackball.mm in Sources */,
				FB544F141235AA1B00E3D0B7 /* trackball.c in Sources */,
				FBF5E8AC12376DB4004253BF /* GLFBO.cpp in Sources */,
				FBF5E8B212376DD1004253BF /* RenderToBuffer.mm in Sources */,
				FBF5E8B712376DF4004253BF /* Melt.mm in Sources */,
			);
			runOnlyForDeploymentPostprocessing = 0;
		};
/* End PBXSourcesBuildPhase section */

/* Begin PBXVariantGroup section */
		089C165CFE840E0CC02AAC07 /* InfoPlist.strings */ = {
			isa = PBXVariantGroup;
			children = (
				089C165DFE840E0CC02AAC07 /* English */,
			);
			name = InfoPlist.strings;
			sourceTree = "<group>";
		};
		1DDD58140DA1D0A300B32029 /* MainMenu.xib */ = {
			isa = PBXVariantGroup;
			children = (
				1DDD58150DA1D0A300B32029 /* English */,
			);
			name = MainMenu.xib;
			sourceTree = "<group>";
		};
/* End PBXVariantGroup section */

/* Begin XCBuildConfiguration section */
		C01FCF4B08A954540054247B /* Debug */ = {
			isa = XCBuildConfiguration;
			buildSettings = {
				ALWAYS_SEARCH_USER_PATHS = NO;
				COPY_PHASE_STRIP = NO;
				GCC_DYNAMIC_NO_PIC = NO;
				GCC_ENABLE_FIX_AND_CONTINUE = YES;
				GCC_MODEL_TUNING = G5;
				GCC_OPTIMIZATION_LEVEL = 0;
				GCC_PRECOMPILE_PREFIX_HEADER = YES;
				GCC_PREFIX_HEADER = MeltyGlass_Prefix.pch;
				INFOPLIST_FILE = "MeltyGlass-Info.plist";
				INSTALL_PATH = "$(HOME)/Applications";
				PRODUCT_NAME = MeltyGlass;
			};
			name = Debug;
		};
		C01FCF4C08A954540054247B /* Release */ = {
			isa = XCBuildConfiguration;
			buildSettings = {
				ALWAYS_SEARCH_USER_PATHS = NO;
				DEBUG_INFORMATION_FORMAT = "dwarf-with-dsym";
				GCC_MODEL_TUNING = G5;
				GCC_PRECOMPILE_PREFIX_HEADER = YES;
				GCC_PREFIX_HEADER = MeltyGlass_Prefix.pch;
				INFOPLIST_FILE = "MeltyGlass-Info.plist";
				INSTALL_PATH = "$(HOME)/Applications";
				PRODUCT_NAME = MeltyGlass;
			};
			name = Release;
		};
		C01FCF4F08A954540054247B /* Debug */ = {
			isa = XCBuildConfiguration;
			buildSettings = {
				ARCHS = "$(ARCHS_STANDARD_32_64_BIT)";
				GCC_C_LANGUAGE_STANDARD = gnu99;
				GCC_OPTIMIZATION_LEVEL = 0;
				GCC_WARN_ABOUT_RETURN_TYPE = YES;
				GCC_WARN_UNUSED_VARIABLE = YES;
				ONLY_ACTIVE_ARCH = YES;
				PREBINDING = NO;
				SDKROOT = macosx10.6;
			};
			name = Debug;
		};
		C01FCF5008A954540054247B /* Release */ = {
			isa = XCBuildConfiguration;
			buildSettings = {
				ARCHS = "$(ARCHS_STANDARD_32_64_BIT)";
				GCC_C_LANGUAGE_STANDARD = gnu99;
				GCC_WARN_ABOUT_RETURN_TYPE = YES;
				GCC_WARN_UNUSED_VARIABLE = YES;
				PREBINDING = NO;
				SDKROOT = macosx10.6;
			};
			name = Release;
		};
/* End XCBuildConfiguration section */

/* Begin XCConfigurationList section */
		C01FCF4A08A954540054247B /* Build configuration list for PBXNativeTarget "MeltyGlass" */ = {
			isa = XCConfigurationList;
			buildConfigurations = (
				C01FCF4B08A954540054247B /* Debug */,
				C01FCF4C08A954540054247B /* Release */,
			);
			defaultConfigurationIsVisible = 0;
			defaultConfigurationName = Release;
		};
		C01FCF4E08A954540054247B /* Build configuration list for PBXProject "MeltyGlass" */ = {
			isa = XCConfigurationList;
			buildConfigurations = (
				C01FCF4F08A954540054247B /* Debug */,
				C01FCF5008A954540054247B /* Release */,
			);
			defaultConfigurationIsVisible = 0;
			defaultConfigurationName = Release;
		};
/* End XCConfigurationList section */
	};
	rootObject = 29B97313FDCFA39411CA2CEA /* Project object */;
}
